# This file is automatically @generated by Cargo.
# It is not intended for manual editing.
version = 3

[[package]]
name = "adler32"
version = "1.2.0"
source = "registry+https://github.com/rust-lang/crates.io-index"
checksum = "aae1277d39aeec15cb388266ecc24b11c80469deae6067e17a1a7aa9e5c1f234"

[[package]]
name = "approx"
version = "0.3.2"
source = "registry+https://github.com/rust-lang/crates.io-index"
checksum = "f0e60b75072ecd4168020818c0107f2857bb6c4e64252d8d3983f6263b40a5c3"
dependencies = [
 "num-traits",
]

[[package]]
name = "autocfg"
version = "1.1.0"
source = "registry+https://github.com/rust-lang/crates.io-index"
checksum = "d468802bab17cbc0cc575e9b053f41e72aa36bfa6b7f55e3529ffa43161b97fa"

[[package]]
name = "bit-vec"
version = "0.5.1"
source = "registry+https://github.com/rust-lang/crates.io-index"
checksum = "f59bbe95d4e52a6398ec21238d31577f2b28a9d86807f06ca59d191d8440d0bb"

[[package]]
name = "bitflags"
version = "1.3.2"
source = "registry+https://github.com/rust-lang/crates.io-index"
checksum = "bef38d45163c2f1dde094a7dfd33ccf595c92905c8f8f4fdc18d06fb1037718a"

[[package]]
name = "bytemuck"
version = "1.11.0"
source = "registry+https://github.com/rust-lang/crates.io-index"
checksum = "a5377c8865e74a160d21f29c2d40669f53286db6eab59b88540cbb12ffc8b835"

[[package]]
name = "byteorder"
version = "1.4.3"
source = "registry+https://github.com/rust-lang/crates.io-index"
checksum = "14c189c53d098945499cdfa7ecc63567cf3886b3332b312a5b4585d8d3a6a610"

[[package]]
name = "cfg-if"
version = "1.0.0"
source = "registry+https://github.com/rust-lang/crates.io-index"
checksum = "baf1de4339761588bc0619e3cbc0120ee582ebb74b53b4efbf79117bd2da40fd"

[[package]]
name = "checked_int_cast"
version = "1.0.0"
source = "registry+https://github.com/rust-lang/crates.io-index"
checksum = "17cc5e6b5ab06331c33589842070416baa137e8b0eb912b008cfd4a78ada7919"

[[package]]
name = "color_quant"
version = "1.1.0"
source = "registry+https://github.com/rust-lang/crates.io-index"
checksum = "3d7b894f5411737b7867f4827955924d7c254fc9f4d91a6aad6b097804b1018b"

[[package]]
name = "crossbeam-channel"
version = "0.5.6"
source = "registry+https://github.com/rust-lang/crates.io-index"
checksum = "c2dd04ddaf88237dc3b8d8f9a3c1004b506b54b3313403944054d23c0870c521"
dependencies = [
 "cfg-if",
 "crossbeam-utils",
]

[[package]]
name = "crossbeam-deque"
version = "0.8.2"
source = "registry+https://github.com/rust-lang/crates.io-index"
checksum = "715e8152b692bba2d374b53d4875445368fdf21a94751410af607a5ac677d1fc"
dependencies = [
 "cfg-if",
 "crossbeam-epoch",
 "crossbeam-utils",
]

[[package]]
name = "crossbeam-epoch"
version = "0.9.10"
source = "registry+https://github.com/rust-lang/crates.io-index"
checksum = "045ebe27666471bb549370b4b0b3e51b07f56325befa4284db65fc89c02511b1"
dependencies = [
 "autocfg",
 "cfg-if",
 "crossbeam-utils",
 "memoffset",
 "once_cell",
 "scopeguard",
]

[[package]]
name = "crossbeam-utils"
version = "0.8.11"
source = "registry+https://github.com/rust-lang/crates.io-index"
checksum = "51887d4adc7b564537b15adcfb307936f8075dfcd5f00dde9a9f1d29383682bc"
dependencies = [
 "cfg-if",
 "once_cell",
]

[[package]]
name = "deflate"
version = "0.7.20"
source = "registry+https://github.com/rust-lang/crates.io-index"
checksum = "707b6a7b384888a70c8d2e8650b3e60170dfc6a67bb4aa67b6dfca57af4bedb4"
dependencies = [
 "adler32",
 "byteorder",
]

[[package]]
name = "either"
version = "1.7.0"
source = "registry+https://github.com/rust-lang/crates.io-index"
checksum = "3f107b87b6afc2a64fd13cac55fe06d6c8859f12d4b14cbcdd2c67d0976781be"

[[package]]
name = "gif"
version = "0.10.3"
source = "registry+https://github.com/rust-lang/crates.io-index"
checksum = "471d90201b3b223f3451cd4ad53e34295f16a1df17b1edf3736d47761c3981af"
dependencies = [
 "color_quant",
 "lzw",
]

[[package]]
name = "graphics_buffer"
version = "0.6.0"
source = "registry+https://github.com/rust-lang/crates.io-index"
checksum = "7d2542b127fdc9297e8b70307f436aa734046f3d52c642fbcb1dd26c6d7adad7"
dependencies = [
 "bit-vec",
 "image 0.21.3",
 "piston2d-graphics",
 "png",
 "rayon",
 "rusttype 0.7.9",
]

[[package]]
name = "hermit-abi"
version = "0.1.19"
source = "registry+https://github.com/rust-lang/crates.io-index"
checksum = "62b467343b94ba476dcb2500d242dadbb39557df889310ac77c5d99100aaac33"
dependencies = [
 "libc",
]

[[package]]
name = "image"
version = "0.21.3"
source = "registry+https://github.com/rust-lang/crates.io-index"
checksum = "35371e467cd7b0b3d1d6013d619203658467df12d61b0ca43cd67b743b1965eb"
dependencies = [
 "byteorder",
 "gif",
 "jpeg-decoder",
 "lzw",
 "num-iter",
 "num-rational 0.2.4",
 "num-traits",
 "png",
 "scoped_threadpool",
 "tiff",
]

[[package]]
name = "image"
version = "0.23.14"
source = "registry+https://github.com/rust-lang/crates.io-index"
checksum = "24ffcb7e7244a9bf19d35bf2883b9c080c4ced3c07a9895572178cdb8f13f6a1"
dependencies = [
 "bytemuck",
 "byteorder",
 "color_quant",
 "num-iter",
 "num-rational 0.3.2",
 "num-traits",
]

[[package]]
name = "inflate"
version = "0.4.5"
source = "registry+https://github.com/rust-lang/crates.io-index"
checksum = "1cdb29978cc5797bd8dcc8e5bf7de604891df2a8dc576973d71a281e916db2ff"
dependencies = [
 "adler32",
]

[[package]]
name = "interpolation"
version = "0.2.0"
source = "registry+https://github.com/rust-lang/crates.io-index"
checksum = "d3b7357d2bbc5ee92f8e899ab645233e43d21407573cceb37fed8bc3dede2c02"

[[package]]
name = "jpeg-decoder"
version = "0.1.22"
source = "registry+https://github.com/rust-lang/crates.io-index"
checksum = "229d53d58899083193af11e15917b5640cd40b29ff475a1fe4ef725deb02d0f2"
dependencies = [
 "rayon",
]

[[package]]
name = "libc"
version = "0.2.126"
source = "registry+https://github.com/rust-lang/crates.io-index"
checksum = "349d5a591cd28b49e1d1037471617a32ddcda5731b99419008085f72d5a53836"

[[package]]
name = "lzw"
version = "0.10.0"
source = "registry+https://github.com/rust-lang/crates.io-index"
checksum = "7d947cbb889ed21c2a84be6ffbaebf5b4e0f4340638cba0444907e38b56be084"

[[package]]
name = "memoffset"
version = "0.6.5"
source = "registry+https://github.com/rust-lang/crates.io-index"
checksum = "5aa361d4faea93603064a027415f07bd8e1d5c88c9fbf68bf56a285428fd79ce"
dependencies = [
 "autocfg",
]

[[package]]
name = "num-derive"
version = "0.2.5"
source = "registry+https://github.com/rust-lang/crates.io-index"
checksum = "eafd0b45c5537c3ba526f79d3e75120036502bebacbb3f3220914067ce39dbf2"
dependencies = [
 "proc-macro2",
 "quote",
 "syn",
]

[[package]]
name = "num-integer"
version = "0.1.45"
source = "registry+https://github.com/rust-lang/crates.io-index"
checksum = "225d3389fb3509a24c93f5c29eb6bde2586b98d9f016636dff58d7c6f7569cd9"
dependencies = [
 "autocfg",
 "num-traits",
]

[[package]]
name = "num-iter"
version = "0.1.43"
source = "registry+https://github.com/rust-lang/crates.io-index"
checksum = "7d03e6c028c5dc5cac6e2dec0efda81fc887605bb3d884578bb6d6bf7514e252"
dependencies = [
 "autocfg",
 "num-integer",
 "num-traits",
]

[[package]]
name = "num-rational"
version = "0.2.4"
source = "registry+https://github.com/rust-lang/crates.io-index"
checksum = "5c000134b5dbf44adc5cb772486d335293351644b801551abe8f75c84cfa4aef"
dependencies = [
 "autocfg",
 "num-integer",
 "num-traits",
]

[[package]]
name = "num-rational"
version = "0.3.2"
source = "registry+https://github.com/rust-lang/crates.io-index"
checksum = "12ac428b1cb17fce6f731001d307d351ec70a6d202fc2e60f7d4c5e42d8f4f07"
dependencies = [
 "autocfg",
 "num-integer",
 "num-traits",
]

[[package]]
name = "num-traits"
version = "0.2.15"
source = "registry+https://github.com/rust-lang/crates.io-index"
checksum = "578ede34cf02f8924ab9447f50c28075b4d3e5b269972345e7e0372b38c6cdcd"
dependencies = [
 "autocfg",
]

[[package]]
name = "num_cpus"
version = "1.13.1"
source = "registry+https://github.com/rust-lang/crates.io-index"
checksum = "19e64526ebdee182341572e50e9ad03965aa510cd94427a4549448f285e957a1"
dependencies = [
 "hermit-abi",
 "libc",
]

[[package]]
name = "once_cell"
version = "1.13.0"
source = "registry+https://github.com/rust-lang/crates.io-index"
checksum = "18a6dbe30758c9f83eb00cbea4ac95966305f5a7772f3f42ebfc7fc7eddbd8e1"

[[package]]
name = "ordered-float"
version = "1.1.1"
source = "registry+https://github.com/rust-lang/crates.io-index"
checksum = "3305af35278dd29f46fcdd139e0b1fbfae2153f0e5928b39b035542dd31e37b7"
dependencies = [
 "num-traits",
]

[[package]]
name = "piston-float"
version = "0.3.0"
source = "registry+https://github.com/rust-lang/crates.io-index"
checksum = "b058c3a640efd4bcf63266512e4bb03187192c1b29edd38b16d5a014613e3199"

[[package]]
name = "piston-texture"
version = "0.6.0"
source = "registry+https://github.com/rust-lang/crates.io-index"
checksum = "3649b5f9d1ba48d95207976118e9e2ed473c1de36f6f79cc1b7ed5b75b655b61"

[[package]]
name = "piston-viewport"
version = "0.5.0"
source = "registry+https://github.com/rust-lang/crates.io-index"
checksum = "7d96dd995f7dabe6d57cda668ec0fda39d6fe6e1e0b23f772582f383f2013611"
dependencies = [
 "piston-float",
]

[[package]]
name = "piston2d-graphics"
version = "0.30.0"
source = "registry+https://github.com/rust-lang/crates.io-index"
checksum = "3403f3d6416d7d5563912f03528909e83efc061d0944fb56ac3ce37745f8bfee"
dependencies = [
 "interpolation",
 "piston-texture",
 "piston-viewport",
 "read_color",
 "vecmath",
]

[[package]]
name = "png"
version = "0.14.1"
source = "registry+https://github.com/rust-lang/crates.io-index"
checksum = "63daf481fdd0defa2d1d2be15c674fbfa1b0fd71882c303a91f9a79b3252c359"
dependencies = [
 "bitflags",
 "deflate",
 "inflate",
 "num-iter",
]

[[package]]
name = "proc-macro2"
version = "0.4.30"
source = "registry+https://github.com/rust-lang/crates.io-index"
checksum = "cf3d2011ab5c909338f7887f4fc896d35932e29146c12c8d01da6b22a80ba759"
dependencies = [
 "unicode-xid",
]

[[package]]
name = "qrcode"
version = "0.12.0"
source = "registry+https://github.com/rust-lang/crates.io-index"
checksum = "16d2f1455f3630c6e5107b4f2b94e74d76dea80736de0981fd27644216cff57f"
dependencies = [
 "checked_int_cast",
 "image 0.23.14",
]

[[package]]
name = "qrgode"
version = "0.1.0"
dependencies = [
 "graphics_buffer",
 "piston2d-graphics",
 "qrcode",
]

[[package]]
name = "quote"
version = "0.6.13"
source = "registry+https://github.com/rust-lang/crates.io-index"
checksum = "6ce23b6b870e8f94f81fb0a363d65d86675884b34a09043c81e5562f11c1f8e1"
dependencies = [
 "proc-macro2",
]

[[package]]
name = "rayon"
version = "1.5.3"
source = "registry+https://github.com/rust-lang/crates.io-index"
checksum = "bd99e5772ead8baa5215278c9b15bf92087709e9c1b2d1f97cdb5a183c933a7d"
dependencies = [
 "autocfg",
 "crossbeam-deque",
 "either",
 "rayon-core",
]

[[package]]
name = "rayon-core"
version = "1.9.3"
source = "registry+https://github.com/rust-lang/crates.io-index"
checksum = "258bcdb5ac6dad48491bb2992db6b7cf74878b0384908af124823d118c99683f"
dependencies = [
 "crossbeam-channel",
 "crossbeam-deque",
 "crossbeam-utils",
 "num_cpus",
]

[[package]]
name = "read_color"
version = "1.0.0"
source = "registry+https://github.com/rust-lang/crates.io-index"
checksum = "9f4c8858baa4ad3c8bcc156ae91a0ffe22b76a3975c40c49b4f04c15c6bce0da"

[[package]]
name = "rusttype"
version = "0.7.9"
source = "registry+https://github.com/rust-lang/crates.io-index"
checksum = "310942406a39981bed7e12b09182a221a29e0990f3e7e0c971f131922ed135d5"
dependencies = [
 "rusttype 0.8.3",
]

[[package]]
name = "rusttype"
version = "0.8.3"
source = "registry+https://github.com/rust-lang/crates.io-index"
checksum = "9f61411055101f7b60ecf1041d87fb74205fb20b0c7a723f07ef39174cf6b4c0"
dependencies = [
 "approx",
 "ordered-float",
 "stb_truetype",
]

[[package]]
name = "scoped_threadpool"
version = "0.1.9"
source = "registry+https://github.com/rust-lang/crates.io-index"
checksum = "1d51f5df5af43ab3f1360b429fa5e0152ac5ce8c0bd6485cae490332e96846a8"

[[package]]
name = "scopeguard"
version = "1.1.0"
source = "registry+https://github.com/rust-lang/crates.io-index"
checksum = "d29ab0c6d3fc0ee92fe66e2d99f700eab17a8d57d1c1d3b748380fb20baa78cd"

[[package]]
name = "stb_truetype"
version = "0.3.1"
source = "registry+https://github.com/rust-lang/crates.io-index"
checksum = "f77b6b07e862c66a9f3e62a07588fee67cd90a9135a2b942409f195507b4fb51"
dependencies = [
 "byteorder",
]

[[package]]
name = "syn"
version = "0.15.44"
source = "registry+https://github.com/rust-lang/crates.io-index"
checksum = "9ca4b3b69a77cbe1ffc9e198781b7acb0c7365a883670e8f1c1bc66fba79a5c5"
dependencies = [
 "proc-macro2",
 "quote",
 "unicode-xid",
]

[[package]]
name = "tiff"
version = "0.2.2"
source = "registry+https://github.com/rust-lang/crates.io-index"
checksum = "1e4834f28a0330cb9f3f2c87d2649dca723cb33802e2bdcf18da32759fbec7ce"
dependencies = [
 "byteorder",
 "lzw",
 "num-derive",
 "num-traits",
]

[[package]]
name = "unicode-xid"
version = "0.1.0"
source = "registry+https://github.com/rust-lang/crates.io-index"
checksum = "fc72304796d0818e357ead4e000d19c9c174ab23dc11093ac919054d20a6a7fc"

[[package]]
name = "vecmath"
version = "0.3.1"
source = "registry+https://github.com/rust-lang/crates.io-index"
checksum = "1bdd6034ee9c1e5e12485f3e4120e12777f6c81cf43bf9a73bff98ed2b479afe"
dependencies = [
 "piston-float",
]
